{
  "name": "photo_organizer",
  "version": "0.0.1",
  "lockfileVersion": 1,
  "requires": true,
  "dependencies": {
    "exifreader": {
      "version": "2.5.0",
      "resolved": "https://registry.npmjs.org/exifreader/-/exifreader-2.5.0.tgz",
      "integrity": "sha512-jxS+cSjalvtF4Ga1D0G1YbVwPBOUYIGMuVbUNfor1+5CSc4h2FBvFC59HSkpPTqiHnA9zF0W5BW8eV3CjmklcQ=="
    },
    "jdataview": {
      "version": "2.5.0",
      "resolved": "https://registry.npmjs.org/jdataview/-/jdataview-2.5.0.tgz",
      "integrity": "sha1-MIGz/qZR+TF+xr1P6y3cmKpB1ZU="
    },
    "moment": {
      "version": "2.22.2",
      "resolved": "https://registry.npmjs.org/moment/-/moment-2.22.2.tgz",
      "integrity": "sha1-PCV/mDn8DpP/UxSWMiOeuQeD/2Y="
    },
    "xmldom": {
      "version": "0.1.27",
      "resolved": "https://registry.npmjs.org/xmldom/-/xmldom-0.1.27.tgz",
      "integrity": "sha1-1QH5ezvbQDr4757MIFcxh6rawOk="
    }
  }
}
